<?xml version="1.0" encoding="utf-8"?>
<Project ToolsVersion="4.0" xmlns="http://schemas.microsoft.com/developer/msbuild/2003">
  <ItemGroup>
    <Filter Include="PreCompile">
      <UniqueIdentifier>{77e0f0d8-693d-482c-b5cd-dff9d6d4d212}</UniqueIdentifier>
    </Filter>
    <Filter Include="Component">
      <UniqueIdentifier>{40ca7823-d83c-488c-a07a-4d341631df81}</UniqueIdentifier>
    </Filter>
    <Filter Include="EntityEnum">
      <UniqueIdentifier>{7d7f71b2-422d-45ef-86e0-9e5de1bf5ff3}</UniqueIdentifier>
    </Filter>
  </ItemGroup>
  <ItemGroup>
    <ClCompile Include="stdafx.cpp">
      <Filter>PreCompile</Filter>
    </ClCompile>
    <ClCompile Include="Component.cpp">
      <Filter>Component</Filter>
    </ClCompile>
    <ClCompile Include="Entity.cpp" />
  </ItemGroup>
  <ItemGroup>
    <ClInclude Include="stdafx.h">
      <Filter>PreCompile</Filter>
    </ClInclude>
    <ClInclude Include="Component.h">
      <Filter>Component</Filter>
    </ClInclude>
    <ClInclude Include="Entity.h" />
    <ClInclude Include="EntityEnum.h">
      <Filter>EntityEnum</Filter>
    </ClInclude>
  </ItemGroup>
</Project>