<?xml version="1.0" encoding="utf-8"?>
<Project ToolsVersion="4.0" xmlns="http://schemas.microsoft.com/developer/msbuild/2003">
  <ItemGroup>
    <ClCompile Include="Game.cpp" />
    <ClCompile Include="stdafx.cpp">
      <Filter>PreCompile</Filter>
    </ClCompile>
    <ClCompile Include="InGameState.cpp">
      <Filter>StateStack</Filter>
    </ClCompile>
    <ClCompile Include="StateStack.cpp">
      <Filter>StateStack</Filter>
    </ClCompile>
    <ClCompile Include="StateStackProxy.cpp">
      <Filter>StateStack</Filter>
    </ClCompile>
    <ClCompile Include="Level.cpp">
      <Filter>Level</Filter>
    </ClCompile>
    <ClCompile Include="Console.cpp" />
    <ClCompile Include="MainMenuState.cpp">
      <Filter>StateStack</Filter>
    </ClCompile>
    <ClCompile Include="MessageState.cpp">
      <Filter>StateStack</Filter>
    </ClCompile>
    <ClCompile Include="Actor.cpp" />
    <ClCompile Include="AIActor.cpp" />
    <ClCompile Include="PlayerActor.cpp" />
    <ClCompile Include="LevelFactory.cpp">
      <Filter>Level\Factory</Filter>
    </ClCompile>
  </ItemGroup>
  <ItemGroup>
    <ClInclude Include="Game.h" />
    <ClInclude Include="stdafx.h">
      <Filter>PreCompile</Filter>
    </ClInclude>
    <ClInclude Include="GameState.h">
      <Filter>StateStack</Filter>
    </ClInclude>
    <ClInclude Include="InGameState.h">
      <Filter>StateStack</Filter>
    </ClInclude>
    <ClInclude Include="StateEnums.h">
      <Filter>StateStack</Filter>
    </ClInclude>
    <ClInclude Include="StateStack.h">
      <Filter>StateStack</Filter>
    </ClInclude>
    <ClInclude Include="StateStackProxy.h">
      <Filter>StateStack</Filter>
    </ClInclude>
    <ClInclude Include="Level.h">
      <Filter>Level</Filter>
    </ClInclude>
    <ClInclude Include="Console.h" />
    <ClInclude Include="MainMenuState.h">
      <Filter>StateStack</Filter>
    </ClInclude>
    <ClInclude Include="MessageState.h">
      <Filter>StateStack</Filter>
    </ClInclude>
    <ClInclude Include="Actor.h" />
    <ClInclude Include="AIActor.h" />
    <ClInclude Include="PlayerActor.h" />
    <ClInclude Include="LevelFactory.h">
      <Filter>Level\Factory</Filter>
    </ClInclude>
    <ClInclude Include="dirent.h">
      <Filter>Level\Factory</Filter>
    </ClInclude>
  </ItemGroup>
  <ItemGroup>
    <Filter Include="PreCompile">
      <UniqueIdentifier>{c4e0ae1e-09e7-4d58-884d-9ca4a18e8414}</UniqueIdentifier>
    </Filter>
    <Filter Include="StateStack">
      <UniqueIdentifier>{39b4d83c-1076-4592-8091-99e0c0c7d080}</UniqueIdentifier>
    </Filter>
    <Filter Include="Level">
      <UniqueIdentifier>{f9276240-a779-416b-9c05-b682b500c868}</UniqueIdentifier>
    </Filter>
    <Filter Include="Level\Factory">
      <UniqueIdentifier>{3c9c6bc0-db40-40b5-9f1a-ab2f76588575}</UniqueIdentifier>
    </Filter>
  </ItemGroup>
</Project>